
Microsoft Visual Studio Solution File, Format Version 12.00
# Visual Studio Version 16
VisualStudioVersion = 16.0.30804.86
MinimumVisualStudioVersion = 10.0.40219.1
Project("{FAE04EC0-301F-11D3-BF4B-00C04F79EFBC}") = "CarPro", "CarPro.csproj", "{854D8508-64C1-4120-8DC0-FCDF34054FE6}"
EndProject
Global
	GlobalSection(SolutionConfigurationPlatforms) = preSolution
		Debug|Any CPU = Debug|Any CPU
		Release|Any CPU = Release|Any CPU
	EndGlobalSection
	GlobalSection(ProjectConfigurationPlatforms) = postSolution
		{854D8508-64C1-4120-8DC0-FCDF34054FE6}.Debug|Any CPU.ActiveCfg = Debug|Any CPU
		{854D8508-64C1-4120-8DC0-FCDF34054FE6}.Debug|Any CPU.Build.0 = Debug|Any CPU
		{854D8508-64C1-4120-8DC0-FCDF34054FE6}.Release|Any CPU.ActiveCfg = Release|Any CPU
		{854D8508-64C1-4120-8DC0-FCDF34054FE6}.Release|Any CPU.Build.0 = Release|Any CPU
	EndGlobalSection
	GlobalSection(SolutionProperties) = preSolution
		HideSolutionNode = FALSE
	EndGlobalSection
	GlobalSection(ExtensibilityGlobals) = postSolution
		SolutionGuid = {13500F66-5076-410B-924A-0A05416CA602}
	EndGlobalSection
EndGlobal
